{
  "name": "purescript-audio-behaviors",
  "version": "0.0.0",
  "lockfileVersion": 1,
  "requires": true,
  "dependencies": {
    "glpk.js": {
      "version": "3.2.0",
      "resolved": "https://registry.npmjs.org/glpk.js/-/glpk.js-3.2.0.tgz",
      "integrity": "sha512-Xxti+nm4ulLryEx41BcgAp5sPA0lLhbSF8RCNqsy1k8G2TV35Q6ChshvCiHOXfITiwp1u7/iCAmwTbvAyRghSw=="
    },
    "purty": {
      "version": "6.2.0",
      "resolved": "https://registry.npmjs.org/purty/-/purty-6.2.0.tgz",
      "integrity": "sha512-JfT8kJHSyxuOFQtRiH2x55SiPxXZsSdedQlZap8JehQ7KzB49B5C9cWwVybtSB36BdADQcxPvtw8D52z4EPnBw==",
      "dev": true
    }
  }
}
